{
  "nodes": {
    "ableton-linux": {
      "inputs": {
        "nixpkgs": "nixpkgs"
      },
      "locked": {
        "lastModified": 1788050560,
        "narHash": "sha256-3yBvcMnNEnlzZQkgENd4HP8dm+Bzy54gKgkeqJVU2Dw=",
        "owner": "shibco",
        "repo": "ableton-linux",
        "rev": "c2092f702531712950649c4f957caff8203b2199",
        "type": "github"
      },
      "original": {
        "owner": "shibco",
        "repo": "ableton-linux",
        "type": "github"
      }
    },
    "audio-nix": {
      "inputs": {
        "mucap": "mucap",
        "nix-buildproxy": "nix-buildproxy",
        "nixpkgs": [
          "nixpkgs"
        ]
      },
      "locked": {
        "lastModified": 1782328999,
        "narHash": "sha256-lSvu/BDBDLXSPDI4tVQYOJhRNnpBhp9VqUt3sUz4Hzw=",
        "owner": "polygon",
        "repo": "audio.nix",
        "rev": "5f5bf980572d476f5ff6b3ae12c4e4da7e6b3d3e",
        "type": "github"
      },
      "original": {
        "owner": "polygon",
        "repo": "audio.nix",
        "type": "github"
      }
    },
    "crane": {
      "locked": {
        "lastModified": 1787326676,
        "narHash": "sha256-lWhBbBvC05/xwivKBBiM2YNizpmgqCgyOIzomvRuwxs=",
        "owner": "ipetkov",
        "repo": "crane",
        "rev": "692f7e9ef2ece8125b466f66f2af532b3edaed0d",
        "type": "github"
      },
      "original": {
        "owner": "ipetkov",
        "repo": "crane",
        "type": "github"
      }
    },
    "evo-control": {
      "flake": false,
      "locked": {
        "lastModified": 1780250790,
        "narHash": "sha256-VOwC6OLAm5iJ5K+Yeyu3wqnY+l8rkKQbzfB+nYuU4KY=",
        "owner": "briannadon",
        "repo": "evo-control",
        "rev": "17043c73fa48378d130f9d85b14d687f886f2881",
        "type": "github"
      },
      "original": {
        "owner": "briannadon",
        "repo": "evo-control",
        "rev": "17043c73fa48378d130f9d85b14d687f886f2881",
        "type": "github"
      }
    },
    "feedback-nightly": {
      "flake": false,
      "locked": {
        "narHash": "sha256-Bh3u9CCm7ifylQYPwHLcg7PLTwWkgVQztmrALHMjhqM=",
        "type": "file",
        "url": "https://github.com/got-feedback/feedBack-desktop/releases/download/nightly/feedback-0.3.0-x86_64.AppImage"
      },
      "original": {
        "type": "file",
        "url": "https://github.com/got-feedback/feedBack-desktop/releases/download/nightly/feedback-0.3.0-x86_64.AppImage"
      }
    },
    "fenix": {
      "inputs": {
        "nixpkgs": [
          "audio-nix",
          "mucap",
          "naersk",
          "nixpkgs"
        ],
        "rust-analyzer-src": "rust-analyzer-src"
      },
      "locked": {
        "lastModified": 1752475459,
        "narHash": "sha256-z6QEu4ZFuHiqdOPbYss4/Q8B0BFhacR8ts6jO/F/aOU=",
        "owner": "nix-community",
        "repo": "fenix",
        "rev": "bf0d6f70f4c9a9cf8845f992105652173f4b617f",
        "type": "github"
      },
      "original": {
        "owner": "nix-community",
        "repo": "fenix",
        "type": "github"
      }
    },
    "fenix_2": {
      "inputs": {
        "nixpkgs": [
          "nixpkgs"
        ],
        "rust-analyzer-src": "rust-analyzer-src_2"
      },
      "locked": {
        "lastModified": 1788603547,
        "narHash": "sha256-/ioB+JvyRtHtQOpgZYC95KiD6Gw76ZDdSbkiItR4FG4=",
        "owner": "nix-community",
        "repo": "fenix",
        "rev": "03864c059200a8a96f2ee6bb050c69eae96f57ca",
        "type": "github"
      },
      "original": {
        "owner": "nix-community",
        "repo": "fenix",
        "type": "github"
      }
    },
    "flake-compat": {
      "flake": false,
      "locked": {
        "lastModified": 1767039857,
        "narHash": "sha256-vNpUSpF5Nuw8xvDLj2KCwwksIbjua2LZCqhV1LNRDns=",
        "owner": "NixOS",
        "repo": "flake-compat",
        "rev": "5edf11c44bc78a0d334f6334cdaf7d60d732daab",
        "type": "github"
      },
      "original": {
        "owner": "NixOS",
        "repo": "flake-compat",
        "type": "github"
      }
    },
    "flake-compat_2": {
      "flake": false,
      "locked": {
        "lastModified": 1777699697,
        "narHash": "sha256-Eg9b/rq/ECYwNwEXs5i9wHyhxNI0JrYx2srdI2uZMaQ=",
        "ref": "refs/heads/main",
        "rev": "382052b74656a369c5408822af3f2501e9b1af81",
        "revCount": 94,
        "type": "git",
        "url": "https://git.lix.systems/lix-project/flake-compat.git"
      },
      "original": {
        "type": "git",
        "url": "https://git.lix.systems/lix-project/flake-compat.git"
      }
    },
    "flake-file": {
      "locked": {
        "lastModified": 1788209062,
        "narHash": "sha256-j4yjVCCguq6s/SIZ2eh2Ll5Z9cJh7VOkIIFNo2PXRd0=",
        "owner": "vic",
        "repo": "flake-file",
        "rev": "c460df7fe65ac759989daad04f303fb427406e56",
        "type": "github"
      },
      "original": {
        "owner": "vic",
        "repo": "flake-file",
        "type": "github"
      }
    },
    "flake-parts": {
      "inputs": {
        "nixpkgs-lib": [
          "nixpkgs"
        ]
      },
      "locked": {
        "lastModified": 1788450739,
        "narHash": "sha256-glZLQlzIn1fXH6PazR2iUmTo7kzzyYSshrWhLS9TqCU=",
        "owner": "hercules-ci",
        "repo": "flake-parts",
        "rev": "31729ca8cbdb4fa927b34e5f4353e6a83f39e993",
        "type": "github"
      },
      "original": {
        "owner": "hercules-ci",
        "repo": "flake-parts",
        "type": "github"
      }
    },
    "flake-utils": {
      "inputs": {
        "systems": "systems"
      },
      "locked": {
        "lastModified": 1731533236,
        "narHash": "sha256-l0KFg5HjrsfsO/JpG+r7fRrqm12kzFHyUHqHCVpMMbI=",
        "owner": "numtide",
        "repo": "flake-utils",
        "rev": "11707dc2f618dd54ca8739b309ec4fc024de578b",
        "type": "github"
      },
      "original": {
        "owner": "numtide",
        "repo": "flake-utils",
        "type": "github"
      }
    },
    "flake-utils_2": {
      "inputs": {
        "systems": "systems_2"
      },
      "locked": {
        "lastModified": 1731533236,
        "narHash": "sha256-l0KFg5HjrsfsO/JpG+r7fRrqm12kzFHyUHqHCVpMMbI=",
        "owner": "numtide",
        "repo": "flake-utils",
        "rev": "11707dc2f618dd54ca8739b309ec4fc024de578b",
        "type": "github"
      },
      "original": {
        "owner": "numtide",
        "repo": "flake-utils",
        "type": "github"
      }
    },
    "freenet": {
      "inputs": {
        "flake-utils": "flake-utils",
        "nixpkgs": [
          "nixpkgs"
        ]
      },
      "locked": {
        "lastModified": 1788644503,
        "narHash": "sha256-fwBr8R6gMlqKg/OqAy//YU+pIkm4gcJ8gKhYrtdjn0I=",
        "owner": "freenet",
        "repo": "freenet-core",
        "rev": "62b47cad668b56571a82ecb701c1b63b1a23e59d",
        "type": "github"
      },
      "original": {
        "owner": "freenet",
        "repo": "freenet-core",
        "type": "github"
      }
    },
    "import-tree": {
      "locked": {
        "lastModified": 1788467110,
        "narHash": "sha256-ljEMTXP/rH0tOvDzc9gzwww6KcHRPRnEHzd9lK48V7s=",
        "owner": "vic",
        "repo": "import-tree",
        "rev": "eb1b52eaecc57f7c136d07ae8a93e724dfecac46",
        "type": "github"
      },
      "original": {
        "owner": "vic",
        "repo": "import-tree",
        "type": "github"
      }
    },
    "lanzaboote": {
      "inputs": {
        "crane": "crane",
        "nixpkgs": [
          "nixpkgs"
        ],
        "pre-commit": "pre-commit",
        "rust-overlay": "rust-overlay_2"
      },
      "locked": {
        "lastModified": 1788173567,
        "narHash": "sha256-C4/tvPY34n/YfQZUIMRNAHzidAG+qUaU6qBqd07OS2c=",
        "owner": "nix-community",
        "repo": "lanzaboote",
        "rev": "d2326588612480c96d5fefb885f57b4660a85584",
        "type": "github"
      },
      "original": {
        "owner": "nix-community",
        "repo": "lanzaboote",
        "type": "github"
      }
    },
    "mnw": {
      "locked": {
        "lastModified": 1780772958,
        "narHash": "sha256-VKKe8r4pwCGWZ3Yr9CPN129R4S3CKLSrlYqdYz3vKpM=",
        "owner": "Gerg-L",
        "repo": "mnw",
        "rev": "0871dbf63a53610c95db04439ed8ea4d6ec9c160",
        "type": "github"
      },
      "original": {
        "owner": "Gerg-L",
        "repo": "mnw",
        "type": "github"
      }
    },
    "mucap": {
      "inputs": {
        "naersk": "naersk",
        "nixpkgs": [
          "audio-nix",
          "nixpkgs"
        ],
        "rust-overlay": "rust-overlay"
      },
      "locked": {
        "lastModified": 1765670987,
        "narHash": "sha256-LqcywUPXsQMrcl4zakVYHotLGfq2rzASMYuHrQp3KaY=",
        "owner": "polygon",
        "repo": "mucap",
        "rev": "f798f8c4757e0dc80de5c1ddcb8be14aac916b99",
        "type": "github"
      },
      "original": {
        "owner": "polygon",
        "repo": "mucap",
        "type": "github"
      }
    },
    "naersk": {
      "inputs": {
        "fenix": "fenix",
        "nixpkgs": [
          "audio-nix",
          "mucap",
          "nixpkgs"
        ]
      },
      "locked": {
        "lastModified": 1763384566,
        "narHash": "sha256-r+wgI+WvNaSdxQmqaM58lVNvJYJ16zoq+tKN20cLst4=",
        "owner": "nix-community",
        "repo": "naersk",
        "rev": "d4155d6ebb70fbe2314959842f744aa7cabbbf6a",
        "type": "github"
      },
      "original": {
        "owner": "nix-community",
        "repo": "naersk",
        "type": "github"
      }
    },
    "nix-auto-follow": {
      "inputs": {
        "nixpkgs": [
          "nixpkgs"
        ]
      },
      "locked": {
        "lastModified": 1787959246,
        "narHash": "sha256-BlHRSxL3VXZsYrnkSURfmxEwGOnH9pZJgnwv5twrGQ4=",
        "owner": "fzakaria",
        "repo": "nix-auto-follow",
        "rev": "c223b752ce083e4597feeb3de4390728c03634c1",
        "type": "github"
      },
      "original": {
        "owner": "fzakaria",
        "repo": "nix-auto-follow",
        "type": "github"
      }
    },
    "nix-buildproxy": {
      "inputs": {
        "nixpkgs": [
          "audio-nix",
          "nixpkgs"
        ]
      },
      "locked": {
        "lastModified": 1708455753,
        "narHash": "sha256-qP79WfPiTl92KrZkmvacba9Xas4WwSFln5DjkP2Q/Lg=",
        "owner": "polygon",
        "repo": "nix-buildproxy",
        "rev": "77d486cb4b0458cb4c4a296c3140f7a6c36ab3e6",
        "type": "github"
      },
      "original": {
        "owner": "polygon",
        "ref": "v0.1.0",
        "repo": "nix-buildproxy",
        "type": "github"
      }
    },
    "nixmate": {
      "inputs": {
        "flake-utils": "flake-utils_2",
        "nixpkgs": [
          "nixpkgs"
        ],
        "rust-overlay": "rust-overlay_3"
      },
      "locked": {
        "lastModified": 1788010509,
        "narHash": "sha256-Yb4Iuiw9o0JT2CfxBKjLbVvCJsWKJ2du6KbIkgssZOY=",
        "owner": "daskladas",
        "repo": "nixmate",
        "rev": "142463489115e73a0cab186cca15e58effe35da0",
        "type": "github"
      },
      "original": {
        "owner": "daskladas",
        "repo": "nixmate",
        "type": "github"
      }
    },
    "nixpkgs": {
      "locked": {
        "lastModified": 1786106723,
        "narHash": "sha256-zDSUbpoeo/9ZmD2+wXnzxoo1+uhL8vxc0b8yuYMKYq0=",
        "owner": "NixOS",
        "repo": "nixpkgs",
        "rev": "f13ff45afd1bb73e640eaa08a7066dbed07e3238",
        "type": "github"
      },
      "original": {
        "owner": "NixOS",
        "ref": "nixos-unstable",
        "repo": "nixpkgs",
        "type": "github"
      }
    },
    "nixpkgs_2": {
      "locked": {
        "lastModified": 1788614874,
        "narHash": "sha256-7QYjT2vHLuX9Z1pdxHXDKCbh1CR3D/2rywB9Tx0MPRg=",
        "owner": "NixOS",
        "repo": "nixpkgs",
        "rev": "c043004d1c6985732bcc1cbc5a9c9aecbbb4e0f0",
        "type": "github"
      },
      "original": {
        "owner": "NixOS",
        "ref": "nixos-unstable",
        "repo": "nixpkgs",
        "type": "github"
      }
    },
    "nvf": {
      "inputs": {
        "flake-compat": "flake-compat_2",
        "mnw": "mnw",
        "nixpkgs": [
          "nixpkgs"
        ]
      },
      "locked": {
        "lastModified": 1788494938,
        "narHash": "sha256-ozY1uUiOLXt3KLpUQwu8Y1DG+lKa53Gke7NW9gvUu3I=",
        "owner": "NotAShelf",
        "repo": "nvf",
        "rev": "5e4f212f8720c17fdd06f5c57591f251aff67453",
        "type": "github"
      },
      "original": {
        "owner": "NotAShelf",
        "repo": "nvf",
        "type": "github"
      }
    },
    "orca-nightly": {
      "flake": false,
      "locked": {
        "narHash": "sha256-MyjdtX/pY4F1GYLXkgrHhN3oZZECDFRsqQmiG2v0ti4=",
        "type": "file",
        "url": "https://github.com/OrcaSlicer/OrcaSlicer/releases/download/nightly-builds/OrcaSlicer_Linux_AppImage_Ubuntu2404_nightly.AppImage"
      },
      "original": {
        "type": "file",
        "url": "https://github.com/OrcaSlicer/OrcaSlicer/releases/download/nightly-builds/OrcaSlicer_Linux_AppImage_Ubuntu2404_nightly.AppImage"
      }
    },
    "pre-commit": {
      "inputs": {
        "flake-compat": "flake-compat",
        "nixpkgs": [
          "lanzaboote",
          "nixpkgs"
        ]
      },
      "locked": {
        "lastModified": 1787424939,
        "narHash": "sha256-O2tBn84NNuHrnqNVxx/XqsXwfYvS1YwBh+7CBnbCYsk=",
        "owner": "cachix",
        "repo": "git-hooks.nix",
        "rev": "809414f0cdadf82cf11b06c2b29ba9b3168b3297",
        "type": "github"
      },
      "original": {
        "owner": "cachix",
        "repo": "git-hooks.nix",
        "type": "github"
      }
    },
    "root": {
      "inputs": {
        "ableton-linux": "ableton-linux",
        "audio-nix": "audio-nix",
        "evo-control": "evo-control",
        "feedback-nightly": "feedback-nightly",
        "fenix": "fenix_2",
        "flake-file": "flake-file",
        "flake-parts": "flake-parts",
        "freenet": "freenet",
        "import-tree": "import-tree",
        "lanzaboote": "lanzaboote",
        "nix-auto-follow": "nix-auto-follow",
        "nixmate": "nixmate",
        "nixpkgs": "nixpkgs_2",
        "nvf": "nvf",
        "orca-nightly": "orca-nightly",
        "tobiifree": "tobiifree",
        "treefmt-nix": "treefmt-nix",
        "wrapper-modules": "wrapper-modules"
      }
    },
    "rust-analyzer-src": {
      "flake": false,
      "locked": {
        "lastModified": 1752428706,
        "narHash": "sha256-EJcdxw3aXfP8Ex1Nm3s0awyH9egQvB2Gu+QEnJn2Sfg=",
        "owner": "rust-lang",
        "repo": "rust-analyzer",
        "rev": "591e3b7624be97e4443ea7b5542c191311aa141d",
        "type": "github"
      },
      "original": {
        "owner": "rust-lang",
        "ref": "nightly",
        "repo": "rust-analyzer",
        "type": "github"
      }
    },
    "rust-analyzer-src_2": {
      "flake": false,
      "locked": {
        "lastModified": 1788445421,
        "narHash": "sha256-sKEuAgygSpMZFvrj7IcCPm+3al2bQWukulM6pMEpCcc=",
        "owner": "rust-lang",
        "repo": "rust-analyzer",
        "rev": "e8f7e90aa3e7b26aa9a000200f606c1078da99ec",
        "type": "github"
      },
      "original": {
        "owner": "rust-lang",
        "ref": "nightly",
        "repo": "rust-analyzer",
        "type": "github"
      }
    },
    "rust-overlay": {
      "inputs": {
        "nixpkgs": [
          "audio-nix",
          "mucap",
          "nixpkgs"
        ]
      },
      "locked": {
        "lastModified": 1762655942,
        "narHash": "sha256-hOM12KcQNQALrhB9w6KJmV5hPpm3GA763HRe9o7JUiI=",
        "owner": "oxalica",
        "repo": "rust-overlay",
        "rev": "6ac961b02d4235572692241e333d0470637f5492",
        "type": "github"
      },
      "original": {
        "owner": "oxalica",
        "repo": "rust-overlay",
        "type": "github"
      }
    },
    "rust-overlay_2": {
      "inputs": {
        "nixpkgs": [
          "lanzaboote",
          "nixpkgs"
        ]
      },
      "locked": {
        "lastModified": 1788077403,
        "narHash": "sha256-c20YZQKzQ27qC6Wh729fWRTpI7oV4+7Ur4icKssD4Wc=",
        "owner": "oxalica",
        "repo": "rust-overlay",
        "rev": "89e26eeaafa88a2ede4778734acc794ff0299beb",
        "type": "github"
      },
      "original": {
        "owner": "oxalica",
        "repo": "rust-overlay",
        "type": "github"
      }
    },
    "rust-overlay_3": {
      "inputs": {
        "nixpkgs": [
          "nixmate",
          "nixpkgs"
        ]
      },
      "locked": {
        "lastModified": 1770606655,
        "narHash": "sha256-rpJf+kxvLWv32ivcgu8d+JeJooog3boJCT8J3joJvvM=",
        "owner": "oxalica",
        "repo": "rust-overlay",
        "rev": "11a396520bf911e4ed01e78e11633d3fc63b350e",
        "type": "github"
      },
      "original": {
        "owner": "oxalica",
        "repo": "rust-overlay",
        "type": "github"
      }
    },
    "systems": {
      "locked": {
        "lastModified": 1681028828,
        "narHash": "sha256-Vy1rq5AaRuLzOxct8nz4T6wlgyUR7zLU309k9mBC768=",
        "owner": "nix-systems",
        "repo": "default",
        "rev": "da67096a3b9bf56a91d16901293e51ba5b49a27e",
        "type": "github"
      },
      "original": {
        "owner": "nix-systems",
        "repo": "default",
        "type": "github"
      }
    },
    "systems_2": {
      "locked": {
        "lastModified": 1681028828,
        "narHash": "sha256-Vy1rq5AaRuLzOxct8nz4T6wlgyUR7zLU309k9mBC768=",
        "owner": "nix-systems",
        "repo": "default",
        "rev": "da67096a3b9bf56a91d16901293e51ba5b49a27e",
        "type": "github"
      },
      "original": {
        "owner": "nix-systems",
        "repo": "default",
        "type": "github"
      }
    },
    "tobiifree": {
      "inputs": {
        "nixpkgs": [
          "nixpkgs"
        ]
      },
      "locked": {
        "lastModified": 1775682306,
        "narHash": "sha256-0PeUSD64Bowvic2a8dVvozUKFTSuqYkBeHkXtP/7rPE=",
        "owner": "Aetherall",
        "repo": "tobiifree",
        "rev": "d303e47fa1a6cac452eedd157d3efb0dd08e3732",
        "type": "github"
      },
      "original": {
        "owner": "Aetherall",
        "repo": "tobiifree",
        "type": "github"
      }
    },
    "treefmt-nix": {
      "inputs": {
        "nixpkgs": [
          "nixpkgs"
        ]
      },
      "locked": {
        "lastModified": 1786901030,
        "narHash": "sha256-WSFCsDSE5ffgD2MqzkM2CYjeFiKhRF/dJUN8uedb6YE=",
        "owner": "numtide",
        "repo": "treefmt-nix",
        "rev": "27b3b12a8e6375f28ebe122f07d230ca5459bbfa",
        "type": "github"
      },
      "original": {
        "owner": "numtide",
        "repo": "treefmt-nix",
        "type": "github"
      }
    },
    "wrapper-modules": {
      "inputs": {
        "nixpkgs": [
          "nixpkgs"
        ]
      },
      "locked": {
        "lastModified": 1788614379,
        "narHash": "sha256-NOxjI169bb9u26hdHYYCzCPT0pbsoXArs3gw8pPFYcI=",
        "owner": "BirdeeHub",
        "repo": "nix-wrapper-modules",
        "rev": "b3ae1e4a5895d07250b63477e1433100996cb5d7",
        "type": "github"
      },
      "original": {
        "owner": "BirdeeHub",
        "repo": "nix-wrapper-modules",
        "type": "github"
      }
    }
  },
  "root": "root",
  "version": 7
}
